
Microsoft Visual Studio Solution File, Format Version 12.00
# Visual Studio Version 17
VisualStudioVersion = 17.7.34031.279
MinimumVisualStudioVersion = 10.0.40219.1
Project("{E24C65DC-7377-472B-9ABA-BC803B73C61A}") = "FiveOclick.com", ".", "{759E5760-5C32-462E-B961-5A64DD636CEA}"
	ProjectSection(WebsiteProperties) = preProject
		TargetFrameworkMoniker = ".NETFramework,Version%3Dv4.0"
		Debug.AspNetCompiler.VirtualPath = "/localhost_15847"
		Debug.AspNetCompiler.PhysicalPath = "..\FiveOclick.com\"
		Debug.AspNetCompiler.TargetPath = "PrecompiledWeb\localhost_15847\"
		Debug.AspNetCompiler.Updateable = "true"
		Debug.AspNetCompiler.ForceOverwrite = "true"
		Debug.AspNetCompiler.FixedNames = "false"
		Debug.AspNetCompiler.Debug = "True"
		Release.AspNetCompiler.VirtualPath = "/localhost_15847"
		Release.AspNetCompiler.PhysicalPath = "..\FiveOclick.com\"
		Release.AspNetCompiler.TargetPath = "PrecompiledWeb\localhost_15847\"
		Release.AspNetCompiler.Updateable = "true"
		Release.AspNetCompiler.ForceOverwrite = "true"
		Release.AspNetCompiler.FixedNames = "false"
		Release.AspNetCompiler.Debug = "False"
		VWDPort = "15847"
		SlnRelativePath = "..\FiveOclick.com\"
	EndProjectSection
EndProject
Global
	GlobalSection(SolutionConfigurationPlatforms) = preSolution
		Debug|Any CPU = Debug|Any CPU
	EndGlobalSection
	GlobalSection(ProjectConfigurationPlatforms) = postSolution
		{759E5760-5C32-462E-B961-5A64DD636CEA}.Debug|Any CPU.ActiveCfg = Debug|Any CPU
		{759E5760-5C32-462E-B961-5A64DD636CEA}.Debug|Any CPU.Build.0 = Debug|Any CPU
	EndGlobalSection
	GlobalSection(SolutionProperties) = preSolution
		HideSolutionNode = FALSE
	EndGlobalSection
	GlobalSection(ExtensibilityGlobals) = postSolution
		SolutionGuid = {0E0164A1-205C-48D6-B098-71A639F82CCB}
	EndGlobalSection
EndGlobal
